
Microsoft Visual Studio Solution File, Format Version 12.00
Project("{FAE04EC0-301F-11D3-BF4B-00C04F79EFBC}") = "RiotAuth", "RiotAuth\RiotAuth.csproj", "{90AC2F48-642E-4178-B269-7EDCD257DB9B}"
EndProject
Global
	GlobalSection(SolutionConfigurationPlatforms) = preSolution
		Debug|Any CPU = Debug|Any CPU
		Release|Any CPU = Release|Any CPU
	EndGlobalSection
	GlobalSection(ProjectConfigurationPlatforms) = postSolution
		{90AC2F48-642E-4178-B269-7EDCD257DB9B}.Debug|Any CPU.ActiveCfg = Debug|Any CPU
		{90AC2F48-642E-4178-B269-7EDCD257DB9B}.Debug|Any CPU.Build.0 = Debug|Any CPU
		{90AC2F48-642E-4178-B269-7EDCD257DB9B}.Release|Any CPU.ActiveCfg = Release|Any CPU
		{90AC2F48-642E-4178-B269-7EDCD257DB9B}.Release|Any CPU.Build.0 = Release|Any CPU
	EndGlobalSection
EndGlobal
